
Microsoft Visual Studio Solution File, Format Version 12.00
# Visual Studio Version 17
VisualStudioVersion = 17.11.35431.28
MinimumVisualStudioVersion = 10.0.40219.1
Project("{9A19103F-16F7-4668-BE54-9A1E7A4F7556}") = "PowerFx.Tests", "PowerFx.Tests\PowerFx.Tests.csproj", "{BC750B99-D762-4179-A41E-D6A6FA617A48}"
EndProject
Project("{9A19103F-16F7-4668-BE54-9A1E7A4F7556}") = "powerfx", "powerfx\powerfx.csproj", "{61B4B4A3-728A-49C1-8F3A-E4AFDD11910F}"
EndProject
Global
	GlobalSection(SolutionConfigurationPlatforms) = preSolution
		Debug|Any CPU = Debug|Any CPU
		Release|Any CPU = Release|Any CPU
	EndGlobalSection
	GlobalSection(ProjectConfigurationPlatforms) = postSolution
		{BC750B99-D762-4179-A41E-D6A6FA617A48}.Debug|Any CPU.ActiveCfg = Debug|Any CPU
		{BC750B99-D762-4179-A41E-D6A6FA617A48}.Debug|Any CPU.Build.0 = Debug|Any CPU
		{BC750B99-D762-4179-A41E-D6A6FA617A48}.Release|Any CPU.ActiveCfg = Release|Any CPU
		{BC750B99-D762-4179-A41E-D6A6FA617A48}.Release|Any CPU.Build.0 = Release|Any CPU
		{61B4B4A3-728A-49C1-8F3A-E4AFDD11910F}.Debug|Any CPU.ActiveCfg = Debug|Any CPU
		{61B4B4A3-728A-49C1-8F3A-E4AFDD11910F}.Debug|Any CPU.Build.0 = Debug|Any CPU
		{61B4B4A3-728A-49C1-8F3A-E4AFDD11910F}.Release|Any CPU.ActiveCfg = Release|Any CPU
		{61B4B4A3-728A-49C1-8F3A-E4AFDD11910F}.Release|Any CPU.Build.0 = Release|Any CPU
	EndGlobalSection
	GlobalSection(SolutionProperties) = preSolution
		HideSolutionNode = FALSE
	EndGlobalSection
	GlobalSection(ExtensibilityGlobals) = postSolution
		SolutionGuid = {001C287F-9A0F-433D-A835-8D4B6EF4C27A}
	EndGlobalSection
EndGlobal
