
Microsoft Visual Studio Solution File, Format Version 12.00
# Visual Studio Version 17
VisualStudioVersion = 17.12.35707.178
MinimumVisualStudioVersion = 10.0.40219.1
Project("{FAE04EC0-301F-11D3-BF4B-00C04F79EFBC}") = "testengine.plugin.copilot", "..\testengine.plugin.copilot\testengine.plugin.copilot.csproj", "{D8DA7F9E-2BE9-427D-9626-776BCC58A369}"
EndProject
Project("{FAE04EC0-301F-11D3-BF4B-00C04F79EFBC}") = "testengine.provider.copilot.portal", "..\testengine.provider.copilot.portal\testengine.provider.copilot.portal.csproj", "{5A828127-D67F-4C73-8F45-5EDB994DEEBD}"
EndProject
Project("{FAE04EC0-301F-11D3-BF4B-00C04F79EFBC}") = "Microsoft.PowerApps.TestEngine", "..\Microsoft.PowerApps.TestEngine\Microsoft.PowerApps.TestEngine.csproj", "{7E97F88C-EA18-4DFB-8951-8459826568B9}"
EndProject
Project("{FAE04EC0-301F-11D3-BF4B-00C04F79EFBC}") = "testengine.plugin.copilot.repl", "..\testengine.plugin.copilot.repl\testengine.plugin.copilot.repl.csproj", "{F595B6ED-2942-4313-A856-E3FEE27D117D}"
EndProject
Project("{2150E333-8FDC-42A3-9474-1A3956D46DE8}") = "Dependencies", "Dependencies", "{CD296A03-1D28-4162-B179-140A3C02ADBD}"
EndProject
Project("{FAE04EC0-301F-11D3-BF4B-00C04F79EFBC}") = "testengine.provider.copilot.portal.tests", "..\testengine.provider.copilot.portal.tests\testengine.provider.copilot.portal.tests.csproj", "{5B2B3EA9-B55F-4949-B85A-826FF333A99F}"
EndProject
Project("{FAE04EC0-301F-11D3-BF4B-00C04F79EFBC}") = "copilot.test", "..\blazor\copilot.test\copilot.test.csproj", "{C23ACF3D-EE29-4ADD-BC37-2B119899CACF}"
EndProject
Global
	GlobalSection(SolutionConfigurationPlatforms) = preSolution
		Debug|Any CPU = Debug|Any CPU
		Release|Any CPU = Release|Any CPU
	EndGlobalSection
	GlobalSection(ProjectConfigurationPlatforms) = postSolution
		{D8DA7F9E-2BE9-427D-9626-776BCC58A369}.Debug|Any CPU.ActiveCfg = Debug|Any CPU
		{D8DA7F9E-2BE9-427D-9626-776BCC58A369}.Debug|Any CPU.Build.0 = Debug|Any CPU
		{D8DA7F9E-2BE9-427D-9626-776BCC58A369}.Release|Any CPU.ActiveCfg = Release|Any CPU
		{D8DA7F9E-2BE9-427D-9626-776BCC58A369}.Release|Any CPU.Build.0 = Release|Any CPU
		{5A828127-D67F-4C73-8F45-5EDB994DEEBD}.Debug|Any CPU.ActiveCfg = Debug|Any CPU
		{5A828127-D67F-4C73-8F45-5EDB994DEEBD}.Debug|Any CPU.Build.0 = Debug|Any CPU
		{5A828127-D67F-4C73-8F45-5EDB994DEEBD}.Release|Any CPU.ActiveCfg = Release|Any CPU
		{5A828127-D67F-4C73-8F45-5EDB994DEEBD}.Release|Any CPU.Build.0 = Release|Any CPU
		{7E97F88C-EA18-4DFB-8951-8459826568B9}.Debug|Any CPU.ActiveCfg = Debug|Any CPU
		{7E97F88C-EA18-4DFB-8951-8459826568B9}.Debug|Any CPU.Build.0 = Debug|Any CPU
		{7E97F88C-EA18-4DFB-8951-8459826568B9}.Release|Any CPU.ActiveCfg = Release|Any CPU
		{7E97F88C-EA18-4DFB-8951-8459826568B9}.Release|Any CPU.Build.0 = Release|Any CPU
		{F595B6ED-2942-4313-A856-E3FEE27D117D}.Debug|Any CPU.ActiveCfg = Debug|Any CPU
		{F595B6ED-2942-4313-A856-E3FEE27D117D}.Debug|Any CPU.Build.0 = Debug|Any CPU
		{F595B6ED-2942-4313-A856-E3FEE27D117D}.Release|Any CPU.ActiveCfg = Release|Any CPU
		{F595B6ED-2942-4313-A856-E3FEE27D117D}.Release|Any CPU.Build.0 = Release|Any CPU
		{5B2B3EA9-B55F-4949-B85A-826FF333A99F}.Debug|Any CPU.ActiveCfg = Debug|Any CPU
		{5B2B3EA9-B55F-4949-B85A-826FF333A99F}.Debug|Any CPU.Build.0 = Debug|Any CPU
		{5B2B3EA9-B55F-4949-B85A-826FF333A99F}.Release|Any CPU.ActiveCfg = Release|Any CPU
		{5B2B3EA9-B55F-4949-B85A-826FF333A99F}.Release|Any CPU.Build.0 = Release|Any CPU
		{C23ACF3D-EE29-4ADD-BC37-2B119899CACF}.Debug|Any CPU.ActiveCfg = Debug|Any CPU
		{C23ACF3D-EE29-4ADD-BC37-2B119899CACF}.Debug|Any CPU.Build.0 = Debug|Any CPU
		{C23ACF3D-EE29-4ADD-BC37-2B119899CACF}.Release|Any CPU.ActiveCfg = Release|Any CPU
		{C23ACF3D-EE29-4ADD-BC37-2B119899CACF}.Release|Any CPU.Build.0 = Release|Any CPU
	EndGlobalSection
	GlobalSection(SolutionProperties) = preSolution
		HideSolutionNode = FALSE
	EndGlobalSection
	GlobalSection(NestedProjects) = preSolution
		{5A828127-D67F-4C73-8F45-5EDB994DEEBD} = {CD296A03-1D28-4162-B179-140A3C02ADBD}
		{7E97F88C-EA18-4DFB-8951-8459826568B9} = {CD296A03-1D28-4162-B179-140A3C02ADBD}
		{5B2B3EA9-B55F-4949-B85A-826FF333A99F} = {CD296A03-1D28-4162-B179-140A3C02ADBD}
	EndGlobalSection
EndGlobal
