Microsoft Visual Studio Solution File, Format Version 12.00
# Visual Studio Version 17
VisualStudioVersion = 17.5.2.0
MinimumVisualStudioVersion = 10.0.40219.1
Project("{2150E333-8FDC-42A3-9474-1A3956D46DE8}") = "MCP Testbed with GPT", "MCP Testbed with GPT", "{1459B5F3-4BC2-8065-D3C3-CCCDEFDE2315}"
EndProject
Project("{FAE04EC0-301F-11D3-BF4B-00C04F79EFBC}") = "MCP Testbed with GPT", "MCP Testbed with GPT\MCP Testbed with GPT\MCP Testbed with GPT.csproj", "{D0418502-0264-FA13-AFE9-45C9C32DB81C}"
EndProject
Global
	GlobalSection(SolutionConfigurationPlatforms) = preSolution
		Debug|Any CPU = Debug|Any CPU
		Release|Any CPU = Release|Any CPU
	EndGlobalSection
	GlobalSection(ProjectConfigurationPlatforms) = postSolution
		{D0418502-0264-FA13-AFE9-45C9C32DB81C}.Debug|Any CPU.ActiveCfg = Debug|Any CPU
		{D0418502-0264-FA13-AFE9-45C9C32DB81C}.Debug|Any CPU.Build.0 = Debug|Any CPU
		{D0418502-0264-FA13-AFE9-45C9C32DB81C}.Release|Any CPU.ActiveCfg = Release|Any CPU
		{D0418502-0264-FA13-AFE9-45C9C32DB81C}.Release|Any CPU.Build.0 = Release|Any CPU
	EndGlobalSection
	GlobalSection(SolutionProperties) = preSolution
		HideSolutionNode = FALSE
	EndGlobalSection
	GlobalSection(NestedProjects) = preSolution
		{D0418502-0264-FA13-AFE9-45C9C32DB81C} = {1459B5F3-4BC2-8065-D3C3-CCCDEFDE2315}
	EndGlobalSection
	GlobalSection(ExtensibilityGlobals) = postSolution
		SolutionGuid = {EC984A79-7AAA-479C-BBFA-0482E8910BEF}
	EndGlobalSection
EndGlobal
