
Microsoft Visual Studio Solution File, Format Version 12.00
# Visual Studio Version 17
VisualStudioVersion = 17.1.32228.430
MinimumVisualStudioVersion = 10.0.40219.1
Project("{9A19103F-16F7-4668-BE54-9A1E7A4F7556}") = "PowerAppsTestEngine", "PowerAppsTestEngine\PowerAppsTestEngine.csproj", "{54B0C7D4-ED8A-4923-8B00-373A8053107D}"
EndProject
Project("{9A19103F-16F7-4668-BE54-9A1E7A4F7556}") = "Microsoft.PowerApps.TestEngine", "Microsoft.PowerApps.TestEngine\Microsoft.PowerApps.TestEngine.csproj", "{885520FE-CB5D-4993-819A-A1AF8A36DAB8}"
EndProject
Project("{9A19103F-16F7-4668-BE54-9A1E7A4F7556}") = "Microsoft.PowerApps.TestEngine.Tests", "Microsoft.PowerApps.TestEngine.Tests\Microsoft.PowerApps.TestEngine.Tests.csproj", "{05883A68-F545-495C-9D5D-D0A4CBC6879E}"
EndProject
Project("{2150E333-8FDC-42A3-9474-1A3956D46DE8}") = "Solution Items", "Solution Items", "{C5399B0D-7E7C-4F15-B619-266A8359E2C7}"
	ProjectSection(SolutionItems) = preProject
		.editorconfig = .editorconfig
	EndProjectSection
EndProject
Project("{9A19103F-16F7-4668-BE54-9A1E7A4F7556}") = "testengine.module.sample", "testengine.module.sample\testengine.module.sample.csproj", "{89C38E35-85CA-454C-B80A-F5BD5BFE9FE3}"
EndProject
Project("{9A19103F-16F7-4668-BE54-9A1E7A4F7556}") = "testengine.provider.canvas", "testengine.provider.canvas\testengine.provider.canvas.csproj", "{6AFE2228-38CA-4D73-9008-BF67F4442706}"
EndProject
Project("{9A19103F-16F7-4668-BE54-9A1E7A4F7556}") = "testengine.provider.canvas.tests", "testengine.provider.canvas.tests\testengine.provider.canvas.tests.csproj", "{1F097AC5-D840-4005-A8AF-527B51734138}"
EndProject
Project("{2150E333-8FDC-42A3-9474-1A3956D46DE8}") = "Extensions", "Extensions", "{63A04DC1-C37E-43E6-8FEA-A480483E11F8}"
EndProject
Project("{2150E333-8FDC-42A3-9474-1A3956D46DE8}") = "Users", "Users", "{0B61ADD8-5EED-4A2C-99AA-B597EC3EE223}"
EndProject
Project("{2150E333-8FDC-42A3-9474-1A3956D46DE8}") = "Providers", "Providers", "{D53FFBF2-F4D0-4139-9FD3-47C8216E4448}"
EndProject
Project("{2150E333-8FDC-42A3-9474-1A3956D46DE8}") = "Actions", "Actions", "{ACAB614B-304F-48C0-B8B1-8D95F3A9FBC4}"
EndProject
Project("{9A19103F-16F7-4668-BE54-9A1E7A4F7556}") = "testengine.user.environment", "testengine.user.environment\testengine.user.environment.csproj", "{24E6C3CF-8CEC-4091-A217-378C74D30339}"
EndProject
Project("{9A19103F-16F7-4668-BE54-9A1E7A4F7556}") = "testengine.user.environment.tests", "testengine.user.environment.tests\testengine.user.environment.tests.csproj", "{B91EFA35-C28B-497E-BFDC-8497933393A0}"
EndProject
Project("{9A19103F-16F7-4668-BE54-9A1E7A4F7556}") = "testengine.user.browser", "testengine.user.browser\testengine.user.browser.csproj", "{2778A59F-773D-414E-A1FF-9C5B5F90E28F}"
EndProject
Project("{9A19103F-16F7-4668-BE54-9A1E7A4F7556}") = "testengine.user.browser.tests", "testengine.user.browser.tests\testengine.user.browser.tests.csproj", "{8AEAF6BD-38E3-4649-9221-6A67AD1E96EC}"
EndProject
Project("{2150E333-8FDC-42A3-9474-1A3956D46DE8}") = "Docs", "Docs", "{D34E437A-6149-46EC-B7DA-FF449E55CEEA}"
	ProjectSection(SolutionItems) = preProject
		..\Extensions.md = ..\Extensions.md
		..\README.md = ..\README.md
	EndProjectSection
EndProject
Project("{9A19103F-16F7-4668-BE54-9A1E7A4F7556}") = "testengine.module.pause", "testengine.module.pause\testengine.module.pause.csproj", "{B3A02421-223D-4E80-A8CE-977B425A6EB2}"
EndProject
Project("{9A19103F-16F7-4668-BE54-9A1E7A4F7556}") = "testengine.module.pause.tests", "testengine.module.pause.tests\testengine.module.pause.tests.csproj", "{3D9F90F2-0937-486D-AA0B-BFE425354F4A}"
EndProject
Project("{9A19103F-16F7-4668-BE54-9A1E7A4F7556}") = "testengine.provider.mda", "testengine.provider.mda\testengine.provider.mda.csproj", "{25CEB2CE-B6D5-4BE1-ACD7-3CF00441EF94}"
EndProject
Project("{9A19103F-16F7-4668-BE54-9A1E7A4F7556}") = "testengine.provider.mda.tests", "testengine.provider.mda.tests\testengine.provider.mda.tests.csproj", "{B7C8ED63-A77B-4FA0-B441-A07BE40E3264}"
EndProject
Global
	GlobalSection(SolutionConfigurationPlatforms) = preSolution
		Debug|Any CPU = Debug|Any CPU
		Release|Any CPU = Release|Any CPU
	EndGlobalSection
	GlobalSection(ProjectConfigurationPlatforms) = postSolution
		{54B0C7D4-ED8A-4923-8B00-373A8053107D}.Debug|Any CPU.ActiveCfg = Debug|Any CPU
		{54B0C7D4-ED8A-4923-8B00-373A8053107D}.Debug|Any CPU.Build.0 = Debug|Any CPU
		{54B0C7D4-ED8A-4923-8B00-373A8053107D}.Release|Any CPU.ActiveCfg = Release|Any CPU
		{54B0C7D4-ED8A-4923-8B00-373A8053107D}.Release|Any CPU.Build.0 = Release|Any CPU
		{885520FE-CB5D-4993-819A-A1AF8A36DAB8}.Debug|Any CPU.ActiveCfg = Debug|Any CPU
		{885520FE-CB5D-4993-819A-A1AF8A36DAB8}.Debug|Any CPU.Build.0 = Debug|Any CPU
		{885520FE-CB5D-4993-819A-A1AF8A36DAB8}.Release|Any CPU.ActiveCfg = Release|Any CPU
		{885520FE-CB5D-4993-819A-A1AF8A36DAB8}.Release|Any CPU.Build.0 = Release|Any CPU
		{05883A68-F545-495C-9D5D-D0A4CBC6879E}.Debug|Any CPU.ActiveCfg = Debug|Any CPU
		{05883A68-F545-495C-9D5D-D0A4CBC6879E}.Debug|Any CPU.Build.0 = Debug|Any CPU
		{05883A68-F545-495C-9D5D-D0A4CBC6879E}.Release|Any CPU.ActiveCfg = Release|Any CPU
		{05883A68-F545-495C-9D5D-D0A4CBC6879E}.Release|Any CPU.Build.0 = Release|Any CPU
		{89C38E35-85CA-454C-B80A-F5BD5BFE9FE3}.Debug|Any CPU.ActiveCfg = Debug|Any CPU
		{89C38E35-85CA-454C-B80A-F5BD5BFE9FE3}.Debug|Any CPU.Build.0 = Debug|Any CPU
		{89C38E35-85CA-454C-B80A-F5BD5BFE9FE3}.Release|Any CPU.ActiveCfg = Release|Any CPU
		{89C38E35-85CA-454C-B80A-F5BD5BFE9FE3}.Release|Any CPU.Build.0 = Release|Any CPU
		{6AFE2228-38CA-4D73-9008-BF67F4442706}.Debug|Any CPU.ActiveCfg = Debug|Any CPU
		{6AFE2228-38CA-4D73-9008-BF67F4442706}.Debug|Any CPU.Build.0 = Debug|Any CPU
		{6AFE2228-38CA-4D73-9008-BF67F4442706}.Release|Any CPU.ActiveCfg = Release|Any CPU
		{6AFE2228-38CA-4D73-9008-BF67F4442706}.Release|Any CPU.Build.0 = Release|Any CPU
		{1F097AC5-D840-4005-A8AF-527B51734138}.Debug|Any CPU.ActiveCfg = Debug|Any CPU
		{1F097AC5-D840-4005-A8AF-527B51734138}.Debug|Any CPU.Build.0 = Debug|Any CPU
		{1F097AC5-D840-4005-A8AF-527B51734138}.Release|Any CPU.ActiveCfg = Release|Any CPU
		{1F097AC5-D840-4005-A8AF-527B51734138}.Release|Any CPU.Build.0 = Release|Any CPU
		{24E6C3CF-8CEC-4091-A217-378C74D30339}.Debug|Any CPU.ActiveCfg = Debug|Any CPU
		{24E6C3CF-8CEC-4091-A217-378C74D30339}.Debug|Any CPU.Build.0 = Debug|Any CPU
		{24E6C3CF-8CEC-4091-A217-378C74D30339}.Release|Any CPU.ActiveCfg = Release|Any CPU
		{24E6C3CF-8CEC-4091-A217-378C74D30339}.Release|Any CPU.Build.0 = Release|Any CPU
		{B91EFA35-C28B-497E-BFDC-8497933393A0}.Debug|Any CPU.ActiveCfg = Debug|Any CPU
		{B91EFA35-C28B-497E-BFDC-8497933393A0}.Debug|Any CPU.Build.0 = Debug|Any CPU
		{B91EFA35-C28B-497E-BFDC-8497933393A0}.Release|Any CPU.ActiveCfg = Release|Any CPU
		{B91EFA35-C28B-497E-BFDC-8497933393A0}.Release|Any CPU.Build.0 = Release|Any CPU
		{2778A59F-773D-414E-A1FF-9C5B5F90E28F}.Debug|Any CPU.ActiveCfg = Debug|Any CPU
		{2778A59F-773D-414E-A1FF-9C5B5F90E28F}.Debug|Any CPU.Build.0 = Debug|Any CPU
		{2778A59F-773D-414E-A1FF-9C5B5F90E28F}.Release|Any CPU.ActiveCfg = Release|Any CPU
		{2778A59F-773D-414E-A1FF-9C5B5F90E28F}.Release|Any CPU.Build.0 = Release|Any CPU
		{8AEAF6BD-38E3-4649-9221-6A67AD1E96EC}.Debug|Any CPU.ActiveCfg = Debug|Any CPU
		{8AEAF6BD-38E3-4649-9221-6A67AD1E96EC}.Debug|Any CPU.Build.0 = Debug|Any CPU
		{8AEAF6BD-38E3-4649-9221-6A67AD1E96EC}.Release|Any CPU.ActiveCfg = Release|Any CPU
		{8AEAF6BD-38E3-4649-9221-6A67AD1E96EC}.Release|Any CPU.Build.0 = Release|Any CPU
		{B3A02421-223D-4E80-A8CE-977B425A6EB2}.Debug|Any CPU.ActiveCfg = Debug|Any CPU
		{B3A02421-223D-4E80-A8CE-977B425A6EB2}.Debug|Any CPU.Build.0 = Debug|Any CPU
		{B3A02421-223D-4E80-A8CE-977B425A6EB2}.Release|Any CPU.ActiveCfg = Release|Any CPU
		{B3A02421-223D-4E80-A8CE-977B425A6EB2}.Release|Any CPU.Build.0 = Release|Any CPU
		{3D9F90F2-0937-486D-AA0B-BFE425354F4A}.Debug|Any CPU.ActiveCfg = Debug|Any CPU
		{3D9F90F2-0937-486D-AA0B-BFE425354F4A}.Debug|Any CPU.Build.0 = Debug|Any CPU
		{3D9F90F2-0937-486D-AA0B-BFE425354F4A}.Release|Any CPU.ActiveCfg = Release|Any CPU
		{3D9F90F2-0937-486D-AA0B-BFE425354F4A}.Release|Any CPU.Build.0 = Release|Any CPU
		{25CEB2CE-B6D5-4BE1-ACD7-3CF00441EF94}.Debug|Any CPU.ActiveCfg = Debug|Any CPU
		{25CEB2CE-B6D5-4BE1-ACD7-3CF00441EF94}.Debug|Any CPU.Build.0 = Debug|Any CPU
		{25CEB2CE-B6D5-4BE1-ACD7-3CF00441EF94}.Release|Any CPU.ActiveCfg = Release|Any CPU
		{25CEB2CE-B6D5-4BE1-ACD7-3CF00441EF94}.Release|Any CPU.Build.0 = Release|Any CPU
		{B7C8ED63-A77B-4FA0-B441-A07BE40E3264}.Debug|Any CPU.ActiveCfg = Debug|Any CPU
		{B7C8ED63-A77B-4FA0-B441-A07BE40E3264}.Debug|Any CPU.Build.0 = Debug|Any CPU
		{B7C8ED63-A77B-4FA0-B441-A07BE40E3264}.Release|Any CPU.ActiveCfg = Release|Any CPU
		{B7C8ED63-A77B-4FA0-B441-A07BE40E3264}.Release|Any CPU.Build.0 = Release|Any CPU
	EndGlobalSection
	GlobalSection(SolutionProperties) = preSolution
		HideSolutionNode = FALSE
	EndGlobalSection
	GlobalSection(NestedProjects) = preSolution
		{89C38E35-85CA-454C-B80A-F5BD5BFE9FE3} = {ACAB614B-304F-48C0-B8B1-8D95F3A9FBC4}
		{6AFE2228-38CA-4D73-9008-BF67F4442706} = {D53FFBF2-F4D0-4139-9FD3-47C8216E4448}
		{1F097AC5-D840-4005-A8AF-527B51734138} = {D53FFBF2-F4D0-4139-9FD3-47C8216E4448}
		{0B61ADD8-5EED-4A2C-99AA-B597EC3EE223} = {63A04DC1-C37E-43E6-8FEA-A480483E11F8}
		{D53FFBF2-F4D0-4139-9FD3-47C8216E4448} = {63A04DC1-C37E-43E6-8FEA-A480483E11F8}
		{ACAB614B-304F-48C0-B8B1-8D95F3A9FBC4} = {63A04DC1-C37E-43E6-8FEA-A480483E11F8}
		{24E6C3CF-8CEC-4091-A217-378C74D30339} = {0B61ADD8-5EED-4A2C-99AA-B597EC3EE223}
		{B91EFA35-C28B-497E-BFDC-8497933393A0} = {0B61ADD8-5EED-4A2C-99AA-B597EC3EE223}
		{2778A59F-773D-414E-A1FF-9C5B5F90E28F} = {0B61ADD8-5EED-4A2C-99AA-B597EC3EE223}
		{8AEAF6BD-38E3-4649-9221-6A67AD1E96EC} = {0B61ADD8-5EED-4A2C-99AA-B597EC3EE223}
		{B3A02421-223D-4E80-A8CE-977B425A6EB2} = {ACAB614B-304F-48C0-B8B1-8D95F3A9FBC4}
		{3D9F90F2-0937-486D-AA0B-BFE425354F4A} = {ACAB614B-304F-48C0-B8B1-8D95F3A9FBC4}
		{25CEB2CE-B6D5-4BE1-ACD7-3CF00441EF94} = {D53FFBF2-F4D0-4139-9FD3-47C8216E4448}
		{B7C8ED63-A77B-4FA0-B441-A07BE40E3264} = {D53FFBF2-F4D0-4139-9FD3-47C8216E4448}
	EndGlobalSection
	GlobalSection(ExtensibilityGlobals) = postSolution
		SolutionGuid = {7E7B2C01-DDE2-4C5A-96C3-AF474B074331}
	EndGlobalSection
EndGlobal
