
Microsoft Visual Studio Solution File, Format Version 12.00
# Visual Studio Version 17
VisualStudioVersion = 17.1.32228.430
MinimumVisualStudioVersion = 10.0.40219.1
Project("{9A19103F-16F7-4668-BE54-9A1E7A4F7556}") = "PowerAppsTestEngine", "PowerAppsTestEngine\PowerAppsTestEngine.csproj", "{54B0C7D4-ED8A-4923-8B00-373A8053107D}"
EndProject
Project("{9A19103F-16F7-4668-BE54-9A1E7A4F7556}") = "Microsoft.PowerApps.TestEngine", "Microsoft.PowerApps.TestEngine\Microsoft.PowerApps.TestEngine.csproj", "{885520FE-CB5D-4993-819A-A1AF8A36DAB8}"
EndProject
Project("{9A19103F-16F7-4668-BE54-9A1E7A4F7556}") = "Microsoft.PowerApps.TestEngine.Tests", "Microsoft.PowerApps.TestEngine.Tests\Microsoft.PowerApps.TestEngine.Tests.csproj", "{05883A68-F545-495C-9D5D-D0A4CBC6879E}"
EndProject
Project("{2150E333-8FDC-42A3-9474-1A3956D46DE8}") = "Solution Items", "Solution Items", "{C5399B0D-7E7C-4F15-B619-266A8359E2C7}"
	ProjectSection(SolutionItems) = preProject
		.editorconfig = .editorconfig
	EndProjectSection
EndProject
Project("{9A19103F-16F7-4668-BE54-9A1E7A4F7556}") = "testengine.module.sample", "testengine.module.sample\testengine.module.sample.csproj", "{89C38E35-85CA-454C-B80A-F5BD5BFE9FE3}"
EndProject
Project("{9A19103F-16F7-4668-BE54-9A1E7A4F7556}") = "testengine.provider.canvas", "testengine.provider.canvas\testengine.provider.canvas.csproj", "{6AFE2228-38CA-4D73-9008-BF67F4442706}"
EndProject
Project("{9A19103F-16F7-4668-BE54-9A1E7A4F7556}") = "testengine.provider.canvas.tests", "testengine.provider.canvas.tests\testengine.provider.canvas.tests.csproj", "{1F097AC5-D840-4005-A8AF-527B51734138}"
EndProject
Project("{2150E333-8FDC-42A3-9474-1A3956D46DE8}") = "Extensions", "Extensions", "{63A04DC1-C37E-43E6-8FEA-A480483E11F8}"
EndProject
Project("{2150E333-8FDC-42A3-9474-1A3956D46DE8}") = "Users", "Users", "{0B61ADD8-5EED-4A2C-99AA-B597EC3EE223}"
EndProject
Project("{2150E333-8FDC-42A3-9474-1A3956D46DE8}") = "Providers", "Providers", "{D53FFBF2-F4D0-4139-9FD3-47C8216E4448}"
EndProject
Project("{2150E333-8FDC-42A3-9474-1A3956D46DE8}") = "Actions", "Actions", "{ACAB614B-304F-48C0-B8B1-8D95F3A9FBC4}"
EndProject
Project("{9A19103F-16F7-4668-BE54-9A1E7A4F7556}") = "testengine.user.environment", "testengine.user.environment\testengine.user.environment.csproj", "{24E6C3CF-8CEC-4091-A217-378C74D30339}"
EndProject
Project("{9A19103F-16F7-4668-BE54-9A1E7A4F7556}") = "testengine.user.environment.tests", "testengine.user.environment.tests\testengine.user.environment.tests.csproj", "{B91EFA35-C28B-497E-BFDC-8497933393A0}"
EndProject
Project("{9A19103F-16F7-4668-BE54-9A1E7A4F7556}") = "testengine.user.browser", "testengine.user.browser\testengine.user.browser.csproj", "{2778A59F-773D-414E-A1FF-9C5B5F90E28F}"
EndProject
Project("{9A19103F-16F7-4668-BE54-9A1E7A4F7556}") = "testengine.user.browser.tests", "testengine.user.browser.tests\testengine.user.browser.tests.csproj", "{8AEAF6BD-38E3-4649-9221-6A67AD1E96EC}"
EndProject
Project("{2150E333-8FDC-42A3-9474-1A3956D46DE8}") = "Docs", "Docs", "{D34E437A-6149-46EC-B7DA-FF449E55CEEA}"
	ProjectSection(SolutionItems) = preProject
		..\Extensions.md = ..\Extensions.md
		..\README.md = ..\README.md
	EndProjectSection
EndProject
Project("{9A19103F-16F7-4668-BE54-9A1E7A4F7556}") = "testengine.module.pause", "testengine.module.pause\testengine.module.pause.csproj", "{B3A02421-223D-4E80-A8CE-977B425A6EB2}"
EndProject
Project("{9A19103F-16F7-4668-BE54-9A1E7A4F7556}") = "testengine.module.pause.tests", "testengine.module.pause.tests\testengine.module.pause.tests.csproj", "{3D9F90F2-0937-486D-AA0B-BFE425354F4A}"
EndProject
Project("{9A19103F-16F7-4668-BE54-9A1E7A4F7556}") = "testengine.module.playwrightscript.tests", "testengine.module.playwrightscript.tests\testengine.module.playwrightscript.tests.csproj", "{946D460B-23B3-4666-A6EE-6FF8D343FFA8}"
EndProject
Project("{9A19103F-16F7-4668-BE54-9A1E7A4F7556}") = "testengine.module.playwrightscript", "testengine.module.playwrightscript\testengine.module.playwrightscript.csproj", "{E6601B53-3DF7-468E-AFE7-D4EAFB0920ED}"
EndProject
Project("{9A19103F-16F7-4668-BE54-9A1E7A4F7556}") = "testengine.module.playwrightaction", "testengine.module.playwrightaction\testengine.module.playwrightaction.csproj", "{36DD1053-9C66-470E-9939-485E47C5ACFA}"
EndProject
Project("{9A19103F-16F7-4668-BE54-9A1E7A4F7556}") = "testengine.module.playwrightaction.tests", "testengine.module.playwrightaction.tests\testengine.module.playwrightaction.tests.csproj", "{E5C9F4A8-AA9A-4D06-AEC4-34A3A5D14501}"
EndProject
Project("{9A19103F-16F7-4668-BE54-9A1E7A4F7556}") = "testengine.module.tests.common", "testengine.module.tests.common\testengine.module.tests.common.csproj", "{2492D24B-62C7-434D-9D30-4289949F9029}"
EndProject
Project("{9A19103F-16F7-4668-BE54-9A1E7A4F7556}") = "testengine.provider.mda", "testengine.provider.mda\testengine.provider.mda.csproj", "{617F9A09-22A0-4FB7-A7CC-0344E84F23A6}"
EndProject
Project("{9A19103F-16F7-4668-BE54-9A1E7A4F7556}") = "testengine.provider.mda.tests", "testengine.provider.mda.tests\testengine.provider.mda.tests.csproj", "{38351C2A-18F7-44AC-84F8-07FC3B49FE85}"
EndProject
Project("{9A19103F-16F7-4668-BE54-9A1E7A4F7556}") = "testengine.provider.powerapps.portal", "testengine.provider.powerapps.portal\testengine.provider.powerapps.portal.csproj", "{DD06597F-F023-48A9-B971-A43006A39AFA}"
EndProject
Project("{9A19103F-16F7-4668-BE54-9A1E7A4F7556}") = "testengine.provider.powerapps,portal.tests", "testengine.provider.powerapps.portal.tests\testengine.provider.powerapps,portal.tests.csproj", "{23F04078-3BAB-477B-8E59-50BB590128E1}"
EndProject
Project("{9A19103F-16F7-4668-BE54-9A1E7A4F7556}") = "testengine.module.powerapps.portal", "testengine.module.powerapps.portal\testengine.module.powerapps.portal.csproj", "{82661F2D-122C-4D23-A017-2CE4E82CAFAE}"
EndProject
Project("{9A19103F-16F7-4668-BE54-9A1E7A4F7556}") = "testengine.module.powerapps.portal.tests", "testengine.module.powerapps.portal.tests\testengine.module.powerapps.portal.tests.csproj", "{D2CAF259-9D4A-4076-95F0-12E69152767F}"
EndProject
Project("{9A19103F-16F7-4668-BE54-9A1E7A4F7556}") = "testengine.module.mda", "testengine.module.mda\testengine.module.mda.csproj", "{AAAA3EE0-8A3E-443F-ADD6-32477A2297F8}"
EndProject
Project("{9A19103F-16F7-4668-BE54-9A1E7A4F7556}") = "testengine.module.mda.tests", "testengine.module.mda.tests\testengine.module.mda.tests.csproj", "{197320A0-0A9C-4C8F-B291-4EF82A417062}"
EndProject
Project("{FAE04EC0-301F-11D3-BF4B-00C04F79EFBC}") = "testengine.module.simulation", "testengine.module.simulation\testengine.module.simulation.csproj", "{C0519C50-DF7A-4708-A89B-8FB520275522}"
EndProject
Project("{FAE04EC0-301F-11D3-BF4B-00C04F79EFBC}") = "testengine.modules.simulation.tests", "testengine.modules.simulation.tests\testengine.modules.simulation.tests.csproj", "{1BC9BBA8-19E2-4F32-8904-C9DBC89C2516}"
EndProject
Global
	GlobalSection(SolutionConfigurationPlatforms) = preSolution
		Debug|Any CPU = Debug|Any CPU
		Release|Any CPU = Release|Any CPU
	EndGlobalSection
	GlobalSection(ProjectConfigurationPlatforms) = postSolution
		{54B0C7D4-ED8A-4923-8B00-373A8053107D}.Debug|Any CPU.ActiveCfg = Debug|Any CPU
		{54B0C7D4-ED8A-4923-8B00-373A8053107D}.Debug|Any CPU.Build.0 = Debug|Any CPU
		{54B0C7D4-ED8A-4923-8B00-373A8053107D}.Release|Any CPU.ActiveCfg = Release|Any CPU
		{54B0C7D4-ED8A-4923-8B00-373A8053107D}.Release|Any CPU.Build.0 = Release|Any CPU
		{885520FE-CB5D-4993-819A-A1AF8A36DAB8}.Debug|Any CPU.ActiveCfg = Debug|Any CPU
		{885520FE-CB5D-4993-819A-A1AF8A36DAB8}.Debug|Any CPU.Build.0 = Debug|Any CPU
		{885520FE-CB5D-4993-819A-A1AF8A36DAB8}.Release|Any CPU.ActiveCfg = Release|Any CPU
		{885520FE-CB5D-4993-819A-A1AF8A36DAB8}.Release|Any CPU.Build.0 = Release|Any CPU
		{05883A68-F545-495C-9D5D-D0A4CBC6879E}.Debug|Any CPU.ActiveCfg = Debug|Any CPU
		{05883A68-F545-495C-9D5D-D0A4CBC6879E}.Debug|Any CPU.Build.0 = Debug|Any CPU
		{05883A68-F545-495C-9D5D-D0A4CBC6879E}.Release|Any CPU.ActiveCfg = Release|Any CPU
		{05883A68-F545-495C-9D5D-D0A4CBC6879E}.Release|Any CPU.Build.0 = Release|Any CPU
		{89C38E35-85CA-454C-B80A-F5BD5BFE9FE3}.Debug|Any CPU.ActiveCfg = Debug|Any CPU
		{89C38E35-85CA-454C-B80A-F5BD5BFE9FE3}.Debug|Any CPU.Build.0 = Debug|Any CPU
		{89C38E35-85CA-454C-B80A-F5BD5BFE9FE3}.Release|Any CPU.ActiveCfg = Release|Any CPU
		{89C38E35-85CA-454C-B80A-F5BD5BFE9FE3}.Release|Any CPU.Build.0 = Release|Any CPU
		{6AFE2228-38CA-4D73-9008-BF67F4442706}.Debug|Any CPU.ActiveCfg = Debug|Any CPU
		{6AFE2228-38CA-4D73-9008-BF67F4442706}.Debug|Any CPU.Build.0 = Debug|Any CPU
		{6AFE2228-38CA-4D73-9008-BF67F4442706}.Release|Any CPU.ActiveCfg = Release|Any CPU
		{6AFE2228-38CA-4D73-9008-BF67F4442706}.Release|Any CPU.Build.0 = Release|Any CPU
		{1F097AC5-D840-4005-A8AF-527B51734138}.Debug|Any CPU.ActiveCfg = Debug|Any CPU
		{1F097AC5-D840-4005-A8AF-527B51734138}.Debug|Any CPU.Build.0 = Debug|Any CPU
		{1F097AC5-D840-4005-A8AF-527B51734138}.Release|Any CPU.ActiveCfg = Release|Any CPU
		{1F097AC5-D840-4005-A8AF-527B51734138}.Release|Any CPU.Build.0 = Release|Any CPU
		{24E6C3CF-8CEC-4091-A217-378C74D30339}.Debug|Any CPU.ActiveCfg = Debug|Any CPU
		{24E6C3CF-8CEC-4091-A217-378C74D30339}.Debug|Any CPU.Build.0 = Debug|Any CPU
		{24E6C3CF-8CEC-4091-A217-378C74D30339}.Release|Any CPU.ActiveCfg = Release|Any CPU
		{24E6C3CF-8CEC-4091-A217-378C74D30339}.Release|Any CPU.Build.0 = Release|Any CPU
		{B91EFA35-C28B-497E-BFDC-8497933393A0}.Debug|Any CPU.ActiveCfg = Debug|Any CPU
		{B91EFA35-C28B-497E-BFDC-8497933393A0}.Debug|Any CPU.Build.0 = Debug|Any CPU
		{B91EFA35-C28B-497E-BFDC-8497933393A0}.Release|Any CPU.ActiveCfg = Release|Any CPU
		{B91EFA35-C28B-497E-BFDC-8497933393A0}.Release|Any CPU.Build.0 = Release|Any CPU
		{2778A59F-773D-414E-A1FF-9C5B5F90E28F}.Debug|Any CPU.ActiveCfg = Debug|Any CPU
		{2778A59F-773D-414E-A1FF-9C5B5F90E28F}.Debug|Any CPU.Build.0 = Debug|Any CPU
		{2778A59F-773D-414E-A1FF-9C5B5F90E28F}.Release|Any CPU.ActiveCfg = Release|Any CPU
		{2778A59F-773D-414E-A1FF-9C5B5F90E28F}.Release|Any CPU.Build.0 = Release|Any CPU
		{8AEAF6BD-38E3-4649-9221-6A67AD1E96EC}.Debug|Any CPU.ActiveCfg = Debug|Any CPU
		{8AEAF6BD-38E3-4649-9221-6A67AD1E96EC}.Debug|Any CPU.Build.0 = Debug|Any CPU
		{8AEAF6BD-38E3-4649-9221-6A67AD1E96EC}.Release|Any CPU.ActiveCfg = Release|Any CPU
		{8AEAF6BD-38E3-4649-9221-6A67AD1E96EC}.Release|Any CPU.Build.0 = Release|Any CPU
		{B3A02421-223D-4E80-A8CE-977B425A6EB2}.Debug|Any CPU.ActiveCfg = Debug|Any CPU
		{B3A02421-223D-4E80-A8CE-977B425A6EB2}.Debug|Any CPU.Build.0 = Debug|Any CPU
		{B3A02421-223D-4E80-A8CE-977B425A6EB2}.Release|Any CPU.ActiveCfg = Release|Any CPU
		{B3A02421-223D-4E80-A8CE-977B425A6EB2}.Release|Any CPU.Build.0 = Release|Any CPU
		{3D9F90F2-0937-486D-AA0B-BFE425354F4A}.Debug|Any CPU.ActiveCfg = Debug|Any CPU
		{3D9F90F2-0937-486D-AA0B-BFE425354F4A}.Debug|Any CPU.Build.0 = Debug|Any CPU
		{3D9F90F2-0937-486D-AA0B-BFE425354F4A}.Release|Any CPU.ActiveCfg = Release|Any CPU
		{3D9F90F2-0937-486D-AA0B-BFE425354F4A}.Release|Any CPU.Build.0 = Release|Any CPU
		{946D460B-23B3-4666-A6EE-6FF8D343FFA8}.Debug|Any CPU.ActiveCfg = Debug|Any CPU
		{946D460B-23B3-4666-A6EE-6FF8D343FFA8}.Debug|Any CPU.Build.0 = Debug|Any CPU
		{946D460B-23B3-4666-A6EE-6FF8D343FFA8}.Release|Any CPU.ActiveCfg = Release|Any CPU
		{946D460B-23B3-4666-A6EE-6FF8D343FFA8}.Release|Any CPU.Build.0 = Release|Any CPU
		{E6601B53-3DF7-468E-AFE7-D4EAFB0920ED}.Debug|Any CPU.ActiveCfg = Debug|Any CPU
		{E6601B53-3DF7-468E-AFE7-D4EAFB0920ED}.Debug|Any CPU.Build.0 = Debug|Any CPU
		{E6601B53-3DF7-468E-AFE7-D4EAFB0920ED}.Release|Any CPU.ActiveCfg = Release|Any CPU
		{E6601B53-3DF7-468E-AFE7-D4EAFB0920ED}.Release|Any CPU.Build.0 = Release|Any CPU
		{36DD1053-9C66-470E-9939-485E47C5ACFA}.Debug|Any CPU.ActiveCfg = Debug|Any CPU
		{36DD1053-9C66-470E-9939-485E47C5ACFA}.Debug|Any CPU.Build.0 = Debug|Any CPU
		{36DD1053-9C66-470E-9939-485E47C5ACFA}.Release|Any CPU.ActiveCfg = Release|Any CPU
		{36DD1053-9C66-470E-9939-485E47C5ACFA}.Release|Any CPU.Build.0 = Release|Any CPU
		{E5C9F4A8-AA9A-4D06-AEC4-34A3A5D14501}.Debug|Any CPU.ActiveCfg = Debug|Any CPU
		{E5C9F4A8-AA9A-4D06-AEC4-34A3A5D14501}.Debug|Any CPU.Build.0 = Debug|Any CPU
		{E5C9F4A8-AA9A-4D06-AEC4-34A3A5D14501}.Release|Any CPU.ActiveCfg = Release|Any CPU
		{E5C9F4A8-AA9A-4D06-AEC4-34A3A5D14501}.Release|Any CPU.Build.0 = Release|Any CPU
		{2492D24B-62C7-434D-9D30-4289949F9029}.Debug|Any CPU.ActiveCfg = Debug|Any CPU
		{2492D24B-62C7-434D-9D30-4289949F9029}.Debug|Any CPU.Build.0 = Debug|Any CPU
		{2492D24B-62C7-434D-9D30-4289949F9029}.Release|Any CPU.ActiveCfg = Release|Any CPU
		{2492D24B-62C7-434D-9D30-4289949F9029}.Release|Any CPU.Build.0 = Release|Any CPU
		{617F9A09-22A0-4FB7-A7CC-0344E84F23A6}.Debug|Any CPU.ActiveCfg = Debug|Any CPU
		{617F9A09-22A0-4FB7-A7CC-0344E84F23A6}.Debug|Any CPU.Build.0 = Debug|Any CPU
		{617F9A09-22A0-4FB7-A7CC-0344E84F23A6}.Release|Any CPU.ActiveCfg = Release|Any CPU
		{617F9A09-22A0-4FB7-A7CC-0344E84F23A6}.Release|Any CPU.Build.0 = Release|Any CPU
		{38351C2A-18F7-44AC-84F8-07FC3B49FE85}.Debug|Any CPU.ActiveCfg = Debug|Any CPU
		{38351C2A-18F7-44AC-84F8-07FC3B49FE85}.Debug|Any CPU.Build.0 = Debug|Any CPU
		{38351C2A-18F7-44AC-84F8-07FC3B49FE85}.Release|Any CPU.ActiveCfg = Release|Any CPU
		{38351C2A-18F7-44AC-84F8-07FC3B49FE85}.Release|Any CPU.Build.0 = Release|Any CPU
		{DD06597F-F023-48A9-B971-A43006A39AFA}.Debug|Any CPU.ActiveCfg = Debug|Any CPU
		{DD06597F-F023-48A9-B971-A43006A39AFA}.Debug|Any CPU.Build.0 = Debug|Any CPU
		{DD06597F-F023-48A9-B971-A43006A39AFA}.Release|Any CPU.ActiveCfg = Release|Any CPU
		{DD06597F-F023-48A9-B971-A43006A39AFA}.Release|Any CPU.Build.0 = Release|Any CPU
		{23F04078-3BAB-477B-8E59-50BB590128E1}.Debug|Any CPU.ActiveCfg = Debug|Any CPU
		{23F04078-3BAB-477B-8E59-50BB590128E1}.Debug|Any CPU.Build.0 = Debug|Any CPU
		{23F04078-3BAB-477B-8E59-50BB590128E1}.Release|Any CPU.ActiveCfg = Release|Any CPU
		{23F04078-3BAB-477B-8E59-50BB590128E1}.Release|Any CPU.Build.0 = Release|Any CPU
		{82661F2D-122C-4D23-A017-2CE4E82CAFAE}.Debug|Any CPU.ActiveCfg = Debug|Any CPU
		{82661F2D-122C-4D23-A017-2CE4E82CAFAE}.Debug|Any CPU.Build.0 = Debug|Any CPU
		{82661F2D-122C-4D23-A017-2CE4E82CAFAE}.Release|Any CPU.ActiveCfg = Release|Any CPU
		{82661F2D-122C-4D23-A017-2CE4E82CAFAE}.Release|Any CPU.Build.0 = Release|Any CPU
		{D2CAF259-9D4A-4076-95F0-12E69152767F}.Debug|Any CPU.ActiveCfg = Debug|Any CPU
		{D2CAF259-9D4A-4076-95F0-12E69152767F}.Debug|Any CPU.Build.0 = Debug|Any CPU
		{D2CAF259-9D4A-4076-95F0-12E69152767F}.Release|Any CPU.ActiveCfg = Release|Any CPU
		{D2CAF259-9D4A-4076-95F0-12E69152767F}.Release|Any CPU.Build.0 = Release|Any CPU
		{AAAA3EE0-8A3E-443F-ADD6-32477A2297F8}.Debug|Any CPU.ActiveCfg = Debug|Any CPU
		{AAAA3EE0-8A3E-443F-ADD6-32477A2297F8}.Debug|Any CPU.Build.0 = Debug|Any CPU
		{AAAA3EE0-8A3E-443F-ADD6-32477A2297F8}.Release|Any CPU.ActiveCfg = Release|Any CPU
		{AAAA3EE0-8A3E-443F-ADD6-32477A2297F8}.Release|Any CPU.Build.0 = Release|Any CPU
		{197320A0-0A9C-4C8F-B291-4EF82A417062}.Debug|Any CPU.ActiveCfg = Debug|Any CPU
		{197320A0-0A9C-4C8F-B291-4EF82A417062}.Debug|Any CPU.Build.0 = Debug|Any CPU
		{197320A0-0A9C-4C8F-B291-4EF82A417062}.Release|Any CPU.ActiveCfg = Release|Any CPU
		{197320A0-0A9C-4C8F-B291-4EF82A417062}.Release|Any CPU.Build.0 = Release|Any CPU
		{C0519C50-DF7A-4708-A89B-8FB520275522}.Debug|Any CPU.ActiveCfg = Debug|Any CPU
		{C0519C50-DF7A-4708-A89B-8FB520275522}.Debug|Any CPU.Build.0 = Debug|Any CPU
		{C0519C50-DF7A-4708-A89B-8FB520275522}.Release|Any CPU.ActiveCfg = Release|Any CPU
		{C0519C50-DF7A-4708-A89B-8FB520275522}.Release|Any CPU.Build.0 = Release|Any CPU
		{1BC9BBA8-19E2-4F32-8904-C9DBC89C2516}.Debug|Any CPU.ActiveCfg = Debug|Any CPU
		{1BC9BBA8-19E2-4F32-8904-C9DBC89C2516}.Debug|Any CPU.Build.0 = Debug|Any CPU
		{1BC9BBA8-19E2-4F32-8904-C9DBC89C2516}.Release|Any CPU.ActiveCfg = Release|Any CPU
		{1BC9BBA8-19E2-4F32-8904-C9DBC89C2516}.Release|Any CPU.Build.0 = Release|Any CPU
	EndGlobalSection
	GlobalSection(SolutionProperties) = preSolution
		HideSolutionNode = FALSE
	EndGlobalSection
	GlobalSection(NestedProjects) = preSolution
		{89C38E35-85CA-454C-B80A-F5BD5BFE9FE3} = {ACAB614B-304F-48C0-B8B1-8D95F3A9FBC4}
		{6AFE2228-38CA-4D73-9008-BF67F4442706} = {D53FFBF2-F4D0-4139-9FD3-47C8216E4448}
		{1F097AC5-D840-4005-A8AF-527B51734138} = {D53FFBF2-F4D0-4139-9FD3-47C8216E4448}
		{0B61ADD8-5EED-4A2C-99AA-B597EC3EE223} = {63A04DC1-C37E-43E6-8FEA-A480483E11F8}
		{D53FFBF2-F4D0-4139-9FD3-47C8216E4448} = {63A04DC1-C37E-43E6-8FEA-A480483E11F8}
		{ACAB614B-304F-48C0-B8B1-8D95F3A9FBC4} = {63A04DC1-C37E-43E6-8FEA-A480483E11F8}
		{24E6C3CF-8CEC-4091-A217-378C74D30339} = {0B61ADD8-5EED-4A2C-99AA-B597EC3EE223}
		{B91EFA35-C28B-497E-BFDC-8497933393A0} = {0B61ADD8-5EED-4A2C-99AA-B597EC3EE223}
		{2778A59F-773D-414E-A1FF-9C5B5F90E28F} = {0B61ADD8-5EED-4A2C-99AA-B597EC3EE223}
		{8AEAF6BD-38E3-4649-9221-6A67AD1E96EC} = {0B61ADD8-5EED-4A2C-99AA-B597EC3EE223}
		{D34E437A-6149-46EC-B7DA-FF449E55CEEA} = {63A04DC1-C37E-43E6-8FEA-A480483E11F8}
		{B3A02421-223D-4E80-A8CE-977B425A6EB2} = {ACAB614B-304F-48C0-B8B1-8D95F3A9FBC4}
		{3D9F90F2-0937-486D-AA0B-BFE425354F4A} = {ACAB614B-304F-48C0-B8B1-8D95F3A9FBC4}
		{946D460B-23B3-4666-A6EE-6FF8D343FFA8} = {ACAB614B-304F-48C0-B8B1-8D95F3A9FBC4}
		{E6601B53-3DF7-468E-AFE7-D4EAFB0920ED} = {ACAB614B-304F-48C0-B8B1-8D95F3A9FBC4}
		{36DD1053-9C66-470E-9939-485E47C5ACFA} = {ACAB614B-304F-48C0-B8B1-8D95F3A9FBC4}
		{E5C9F4A8-AA9A-4D06-AEC4-34A3A5D14501} = {ACAB614B-304F-48C0-B8B1-8D95F3A9FBC4}
		{2492D24B-62C7-434D-9D30-4289949F9029} = {ACAB614B-304F-48C0-B8B1-8D95F3A9FBC4}
		{617F9A09-22A0-4FB7-A7CC-0344E84F23A6} = {D53FFBF2-F4D0-4139-9FD3-47C8216E4448}
		{38351C2A-18F7-44AC-84F8-07FC3B49FE85} = {D53FFBF2-F4D0-4139-9FD3-47C8216E4448}
		{DD06597F-F023-48A9-B971-A43006A39AFA} = {D53FFBF2-F4D0-4139-9FD3-47C8216E4448}
		{23F04078-3BAB-477B-8E59-50BB590128E1} = {D53FFBF2-F4D0-4139-9FD3-47C8216E4448}
		{82661F2D-122C-4D23-A017-2CE4E82CAFAE} = {ACAB614B-304F-48C0-B8B1-8D95F3A9FBC4}
		{D2CAF259-9D4A-4076-95F0-12E69152767F} = {ACAB614B-304F-48C0-B8B1-8D95F3A9FBC4}
		{AAAA3EE0-8A3E-443F-ADD6-32477A2297F8} = {ACAB614B-304F-48C0-B8B1-8D95F3A9FBC4}
		{197320A0-0A9C-4C8F-B291-4EF82A417062} = {ACAB614B-304F-48C0-B8B1-8D95F3A9FBC4}
		{C0519C50-DF7A-4708-A89B-8FB520275522} = {ACAB614B-304F-48C0-B8B1-8D95F3A9FBC4}
		{1BC9BBA8-19E2-4F32-8904-C9DBC89C2516} = {ACAB614B-304F-48C0-B8B1-8D95F3A9FBC4}
	EndGlobalSection
	GlobalSection(ExtensibilityGlobals) = postSolution
		SolutionGuid = {7E7B2C01-DDE2-4C5A-96C3-AF474B074331}
	EndGlobalSection
EndGlobal
